// !$*UTF8*$!
{
	archiveVersion = 1;
	classes = {
	};
	objectVersion = 77;
	objects = {

/* Begin PBXContainerItemProxy section */
		221844DA2D0446090013FCCC /* PBXContainerItemProxy */ = {
			isa = PBXContainerItemProxy;
			containerPortal = 221844C02D0446080013FCCC /* Project object */;
			proxyType = 1;
			remoteGlobalIDString = 221844C72D0446080013FCCC;
			remoteInfo = Raindropper;
		};
		221844E42D0446090013FCCC /* PBXContainerItemProxy */ = {
			isa = PBXContainerItemProxy;
			containerPortal = 221844C02D0446080013FCCC /* Project object */;
			proxyType = 1;
			remoteGlobalIDString = 221844C72D0446080013FCCC;
			remoteInfo = Raindropper;
		};
/* End PBXContainerItemProxy section */

/* Begin PBXFileReference section */
		221844C82D0446080013FCCC /* Raindropper.app */ = {isa = PBXFileReference; explicitFileType = wrapper.application; includeInIndex = 0; path = Raindropper.app; sourceTree = BUILT_PRODUCTS_DIR; };
		221844D92D0446090013FCCC /* RaindropperTests.xctest */ = {isa = PBXFileReference; explicitFileType = wrapper.cfbundle; includeInIndex = 0; path = RaindropperTests.xctest; sourceTree = BUILT_PRODUCTS_DIR; };
		221844E32D0446090013FCCC /* RaindropperUITests.xctest */ = {isa = PBXFileReference; explicitFileType = wrapper.cfbundle; includeInIndex = 0; path = RaindropperUITests.xctest; sourceTree = BUILT_PRODUCTS_DIR; };
/* End PBXFileReference section */

/* Begin PBXFileSystemSynchronizedRootGroup section */
		221844CA2D0446080013FCCC /* Raindropper */ = {
			isa = PBXFileSystemSynchronizedRootGroup;
			path = Raindropper;
			sourceTree = "<group>";
		};
		221844DC2D0446090013FCCC /* RaindropperTests */ = {
			isa = PBXFileSystemSynchronizedRootGroup;
			path = RaindropperTests;
			sourceTree = "<group>";
		};
		221844E62D0446090013FCCC /* RaindropperUITests */ = {
			isa = PBXFileSystemSynchronizedRootGroup;
			path = RaindropperUITests;
			sourceTree = "<group>";
		};
/* End PBXFileSystemSynchronizedRootGroup section */

/* Begin PBXFrameworksBuildPhase section */
		221844C52D0446080013FCCC /* Frameworks */ = {
			isa = PBXFrameworksBuildPhase;
			buildActionMask = 2147483647;
			files = (
			);
			runOnlyForDeploymentPostprocessing = 0;
		};
		221844D62D0446090013FCCC /* Frameworks */ = {
			isa = PBXFrameworksBuildPhase;
			buildActionMask = 2147483647;
			files = (
			);
			runOnlyForDeploymentPostprocessing = 0;
		};
		221844E02D0446090013FCCC /* Frameworks */ = {
			isa = PBXFrameworksBuildPhase;
			buildActionMask = 2147483647;
			files = (
			);
			runOnlyForDeploymentPostprocessing = 0;
		};
/* End PBXFrameworksBuildPhase section */

/* Begin PBXGroup section */
		221844BF2D0446080013FCCC = {
			isa = PBXGroup;
			children = (
				221844CA2D0446080013FCCC /* Raindropper */,
				221844DC2D0446090013FCCC /* RaindropperTests */,
				221844E62D0446090013FCCC /* RaindropperUITests */,
				221844C92D0446080013FCCC /* Products */,
			);
			sourceTree = "<group>";
		};
		221844C92D0446080013FCCC /* Products */ = {
			isa = PBXGroup;
			children = (
				221844C82D0446080013FCCC /* Raindropper.app */,
				221844D92D0446090013FCCC /* RaindropperTests.xctest */,
				221844E32D0446090013FCCC /* RaindropperUITests.xctest */,
			);
			name = Products;
			sourceTree = "<group>";
		};
/* End PBXGroup section */

/* Begin PBXNativeTarget section */
		221844C72D0446080013FCCC /* Raindropper */ = {
			isa = PBXNativeTarget;
			buildConfigurationList = 221844ED2D0446090013FCCC /* Build configuration list for PBXNativeTarget "Raindropper" */;
			buildPhases = (
				221844C42D0446080013FCCC /* Sources */,
				221844C52D0446080013FCCC /* Frameworks */,
				221844C62D0446080013FCCC /* Resources */,
			);
			buildRules = (
			);
			dependencies = (
			);
			fileSystemSynchronizedGroups = (
				221844CA2D0446080013FCCC /* Raindropper */,
			);
			name = Raindropper;
			packageProductDependencies = (
			);
			productName = Raindropper;
			productReference = 221844C82D0446080013FCCC /* Raindropper.app */;
			productType = "com.apple.product-type.application";
		};
		221844D82D0446090013FCCC /* RaindropperTests */ = {
			isa = PBXNativeTarget;
			buildConfigurationList = 221844F02D0446090013FCCC /* Build configuration list for PBXNativeTarget "RaindropperTests" */;
			buildPhases = (
				221844D52D0446090013FCCC /* Sources */,
				221844D62D0446090013FCCC /* Frameworks */,
				221844D72D0446090013FCCC /* Resources */,
			);
			buildRules = (
			);
			dependencies = (
				221844DB2D0446090013FCCC /* PBXTargetDependency */,
			);
			fileSystemSynchronizedGroups = (
				221844DC2D0446090013FCCC /* RaindropperTests */,
			);
			name = RaindropperTests;
			packageProductDependencies = (
			);
			productName = RaindropperTests;
			productReference = 221844D92D0446090013FCCC /* RaindropperTests.xctest */;
			productType = "com.apple.product-type.bundle.unit-test";
		};
		221844E22D0446090013FCCC /* RaindropperUITests */ = {
			isa = PBXNativeTarget;
			buildConfigurationList = 221844F32D0446090013FCCC /* Build configuration list for PBXNativeTarget "RaindropperUITests" */;
			buildPhases = (
				221844DF2D0446090013FCCC /* Sources */,
				221844E02D0446090013FCCC /* Frameworks */,
				221844E12D0446090013FCCC /* Resources */,
			);
			buildRules = (
			);
			dependencies = (
				221844E52D0446090013FCCC /* PBXTargetDependency */,
			);
			fileSystemSynchronizedGroups = (
				221844E62D0446090013FCCC /* RaindropperUITests */,
			);
			name = RaindropperUITests;
			packageProductDependencies = (
			);
			productName = RaindropperUITests;
			productReference = 221844E32D0446090013FCCC /* RaindropperUITests.xctest */;
			productType = "com.apple.product-type.bundle.ui-testing";
		};
/* End PBXNativeTarget section */

/* Begin PBXProject section */
		221844C02D0446080013FCCC /* Project object */ = {
			isa = PBXProject;
			attributes = {
				BuildIndependentTargetsInParallel = 1;
				LastSwiftUpdateCheck = 1610;
				LastUpgradeCheck = 1610;
				TargetAttributes = {
					221844C72D0446080013FCCC = {
						CreatedOnToolsVersion = 16.1;
					};
					221844D82D0446090013FCCC = {
						CreatedOnToolsVersion = 16.1;
						TestTargetID = 221844C72D0446080013FCCC;
					};
					221844E22D0446090013FCCC = {
						CreatedOnToolsVersion = 16.1;
						TestTargetID = 221844C72D0446080013FCCC;
					};
				};
			};
			buildConfigurationList = 221844C32D0446080013FCCC /* Build configuration list for PBXProject "Raindropper" */;
			developmentRegion = en;
			hasScannedForEncodings = 0;
			knownRegions = (
				en,
				Base,
			);
			mainGroup = 221844BF2D0446080013FCCC;
			minimizedProjectReferenceProxies = 1;
			preferredProjectObjectVersion = 77;
			productRefGroup = 221844C92D0446080013FCCC /* Products */;
			projectDirPath = "";
			projectRoot = "";
			targets = (
				221844C72D0446080013FCCC /* Raindropper */,
				221844D82D0446090013FCCC /* RaindropperTests */,
				221844E22D0446090013FCCC /* RaindropperUITests */,
			);
		};
/* End PBXProject section */

/* Begin PBXResourcesBuildPhase section */
		221844C62D0446080013FCCC /* Resources */ = {
			isa = PBXResourcesBuildPhase;
			buildActionMask = 2147483647;
			files = (
			);
			runOnlyForDeploymentPostprocessing = 0;
		};
		221844D72D0446090013FCCC /* Resources */ = {
			isa = PBXResourcesBuildPhase;
			buildActionMask = 2147483647;
			files = (
			);
			runOnlyForDeploymentPostprocessing = 0;
		};
		221844E12D0446090013FCCC /* Resources */ = {
			isa = PBXResourcesBuildPhase;
			buildActionMask = 2147483647;
			files = (
			);
			runOnlyForDeploymentPostprocessing = 0;
		};
/* End PBXResourcesBuildPhase section */

/* Begin PBXSourcesBuildPhase section */
		221844C42D0446080013FCCC /* Sources */ = {
			isa = PBXSourcesBuildPhase;
			buildActionMask = 2147483647;
			files = (
			);
			runOnlyForDeploymentPostprocessing = 0;
		};
		221844D52D0446090013FCCC /* Sources */ = {
			isa = PBXSourcesBuildPhase;
			buildActionMask = 2147483647;
			files = (
			);
			runOnlyForDeploymentPostprocessing = 0;
		};
		221844DF2D0446090013FCCC /* Sources */ = {
			isa = PBXSourcesBuildPhase;
			buildActionMask = 2147483647;
			files = (
			);
			runOnlyForDeploymentPostprocessing = 0;
		};
/* End PBXSourcesBuildPhase section */

/* Begin PBXTargetDependency section */
		221844DB2D0446090013FCCC /* PBXTargetDependency */ = {
			isa = PBXTargetDependency;
			target = 221844C72D0446080013FCCC /* Raindropper */;
			targetProxy = 221844DA2D0446090013FCCC /* PBXContainerItemProxy */;
		};
		221844E52D0446090013FCCC /* PBXTargetDependency */ = {
			isa = PBXTargetDependency;
			target = 221844C72D0446080013FCCC /* Raindropper */;
			targetProxy = 221844E42D0446090013FCCC /* PBXContainerItemProxy */;
		};
/* End PBXTargetDependency section */

/* Begin XCBuildConfiguration section */
		221844EB2D0446090013FCCC /* Debug */ = {
			isa = XCBuildConfiguration;
			buildSettings = {
				ALWAYS_SEARCH_USER_PATHS = NO;
				ASSETCATALOG_COMPILER_GENERATE_SWIFT_ASSET_SYMBOL_EXTENSIONS = YES;
				CLANG_ANALYZER_NONNULL = YES;
				CLANG_ANALYZER_NUMBER_OBJECT_CONVERSION = YES_AGGRESSIVE;
				CLANG_CXX_LANGUAGE_STANDARD = "gnu++20";
				CLANG_ENABLE_MODULES = YES;
				CLANG_ENABLE_OBJC_ARC = YES;
				CLANG_ENABLE_OBJC_WEAK = YES;
				CLANG_WARN_BLOCK_CAPTURE_AUTORELEASING = YES;
				CLANG_WARN_BOOL_CONVERSION = YES;
				CLANG_WARN_COMMA = YES;
				CLANG_WARN_CONSTANT_CONVERSION = YES;
				CLANG_WARN_DEPRECATED_OBJC_IMPLEMENTATIONS = YES;
				CLANG_WARN_DIRECT_OBJC_ISA_USAGE = YES_ERROR;
				CLANG_WARN_DOCUMENTATION_COMMENTS = YES;
				CLANG_WARN_EMPTY_BODY = YES;
				CLANG_WARN_ENUM_CONVERSION = YES;
				CLANG_WARN_INFINITE_RECURSION = YES;
				CLANG_WARN_INT_CONVERSION = YES;
				CLANG_WARN_NON_LITERAL_NULL_CONVERSION = YES;
				CLANG_WARN_OBJC_IMPLICIT_RETAIN_SELF = YES;
				CLANG_WARN_OBJC_LITERAL_CONVERSION = YES;
				CLANG_WARN_OBJC_ROOT_CLASS = YES_ERROR;
				CLANG_WARN_QUOTED_INCLUDE_IN_FRAMEWORK_HEADER = YES;
				CLANG_WARN_RANGE_LOOP_ANALYSIS = YES;
				CLANG_WARN_STRICT_PROTOTYPES = YES;
				CLANG_WARN_SUSPICIOUS_MOVE = YES;
				CLANG_WARN_UNGUARDED_AVAILABILITY = YES_AGGRESSIVE;
				CLANG_WARN_UNREACHABLE_CODE = YES;
				CLANG_WARN__DUPLICATE_METHOD_MATCH = YES;
				COPY_PHASE_STRIP = NO;
				DEBUG_INFORMATION_FORMAT = dwarf;
				ENABLE_STRICT_OBJC_MSGSEND = YES;
				ENABLE_TESTABILITY = YES;
				ENABLE_USER_SCRIPT_SANDBOXING = YES;
				GCC_C_LANGUAGE_STANDARD = gnu17;
				GCC_DYNAMIC_NO_PIC = NO;
				GCC_NO_COMMON_BLOCKS = YES;
				GCC_OPTIMIZATION_LEVEL = 0;
				GCC_PREPROCESSOR_DEFINITIONS = (
					"DEBUG=1",
					"$(inherited)",
				);
				GCC_WARN_64_TO_32_BIT_CONVERSION = YES;
				GCC_WARN_ABOUT_RETURN_TYPE = YES_ERROR;
				GCC_WARN_UNDECLARED_SELECTOR = YES;
				GCC_WARN_UNINITIALIZED_AUTOS = YES_AGGRESSIVE;
				GCC_WARN_UNUSED_FUNCTION = YES;
				GCC_WARN_UNUSED_VARIABLE = YES;
				LOCALIZATION_PREFERS_STRING_CATALOGS = YES;
				MACOSX_DEPLOYMENT_TARGET = 15.1;
				MTL_ENABLE_DEBUG_INFO = INCLUDE_SOURCE;
				MTL_FAST_MATH = YES;
				ONLY_ACTIVE_ARCH = YES;
				SDKROOT = macosx;
				SWIFT_ACTIVE_COMPILATION_CONDITIONS = "DEBUG $(inherited)";
				SWIFT_OPTIMIZATION_LEVEL = "-Onone";
			};
			name = Debug;
		};
		221844EC2D0446090013FCCC /* Release */ = {
			isa = XCBuildConfiguration;
			buildSettings = {
				ALWAYS_SEARCH_USER_PATHS = NO;
				ASSETCATALOG_COMPILER_GENERATE_SWIFT_ASSET_SYMBOL_EXTENSIONS = YES;
				CLANG_ANALYZER_NONNULL = YES;
				CLANG_ANALYZER_NUMBER_OBJECT_CONVERSION = YES_AGGRESSIVE;
				CLANG_CXX_LANGUAGE_STANDARD = "gnu++20";
				CLANG_ENABLE_MODULES = YES;
				CLANG_ENABLE_OBJC_ARC = YES;
				CLANG_ENABLE_OBJC_WEAK = YES;
				CLANG_WARN_BLOCK_CAPTURE_AUTORELEASING = YES;
				CLANG_WARN_BOOL_CONVERSION = YES;
				CLANG_WARN_COMMA = YES;
				CLANG_WARN_CONSTANT_CONVERSION = YES;
				CLANG_WARN_DEPRECATED_OBJC_IMPLEMENTATIONS = YES;
				CLANG_WARN_DIRECT_OBJC_ISA_USAGE = YES_ERROR;
				CLANG_WARN_DOCUMENTATION_COMMENTS = YES;
				CLANG_WARN_EMPTY_BODY = YES;
				CLANG_WARN_ENUM_CONVERSION = YES;
				CLANG_WARN_INFINITE_RECURSION = YES;
				CLANG_WARN_INT_CONVERSION = YES;
				CLANG_WARN_NON_LITERAL_NULL_CONVERSION = YES;
				CLANG_WARN_OBJC_IMPLICIT_RETAIN_SELF = YES;
				CLANG_WARN_OBJC_LITERAL_CONVERSION = YES;
				CLANG_WARN_OBJC_ROOT_CLASS = YES_ERROR;
				CLANG_WARN_QUOTED_INCLUDE_IN_FRAMEWORK_HEADER = YES;
				CLANG_WARN_RANGE_LOOP_ANALYSIS = YES;
				CLANG_WARN_STRICT_PROTOTYPES = YES;
				CLANG_WARN_SUSPICIOUS_MOVE = YES;
				CLANG_WARN_UNGUARDED_AVAILABILITY = YES_AGGRESSIVE;
				CLANG_WARN_UNREACHABLE_CODE = YES;
				CLANG_WARN__DUPLICATE_METHOD_MATCH = YES;
				COPY_PHASE_STRIP = NO;
				DEBUG_INFORMATION_FORMAT = "dwarf-with-dsym";
				ENABLE_NS_ASSERTIONS = NO;
				ENABLE_STRICT_OBJC_MSGSEND = YES;
				ENABLE_USER_SCRIPT_SANDBOXING = YES;
				GCC_C_LANGUAGE_STANDARD = gnu17;
				GCC_NO_COMMON_BLOCKS = YES;
				GCC_WARN_64_TO_32_BIT_CONVERSION = YES;
				GCC_WARN_ABOUT_RETURN_TYPE = YES_ERROR;
				GCC_WARN_UNDECLARED_SELECTOR = YES;
				GCC_WARN_UNINITIALIZED_AUTOS = YES_AGGRESSIVE;
				GCC_WARN_UNUSED_FUNCTION = YES;
				GCC_WARN_UNUSED_VARIABLE = YES;
				LOCALIZATION_PREFERS_STRING_CATALOGS = YES;
				MACOSX_DEPLOYMENT_TARGET = 15.1;
				MTL_ENABLE_DEBUG_INFO = NO;
				MTL_FAST_MATH = YES;
				SDKROOT = macosx;
				SWIFT_COMPILATION_MODE = wholemodule;
			};
			name = Release;
		};
		221844EE2D0446090013FCCC /* Debug */ = {
			isa = XCBuildConfiguration;
			buildSettings = {
				ASSETCATALOG_COMPILER_APPICON_NAME = AppIcon;
				ASSETCATALOG_COMPILER_GLOBAL_ACCENT_COLOR_NAME = AccentColor;
				CODE_SIGN_ENTITLEMENTS = Raindropper/Raindropper.entitlements;
				CODE_SIGN_STYLE = Automatic;
				COMBINE_HIDPI_IMAGES = YES;
				CURRENT_PROJECT_VERSION = 1;
				DEVELOPMENT_ASSET_PATHS = "\"Raindropper/Preview Content\"";
				DEVELOPMENT_TEAM = MZ2D45J5VM;
				ENABLE_HARDENED_RUNTIME = YES;
				ENABLE_PREVIEWS = YES;
				GENERATE_INFOPLIST_FILE = YES;
				INFOPLIST_KEY_NSHumanReadableCopyright = "";
				LD_RUNPATH_SEARCH_PATHS = (
					"$(inherited)",
					"@executable_path/../Frameworks",
				);
				MARKETING_VERSION = 1.0;
				PRODUCT_BUNDLE_IDENTIFIER = org.pritlove.Raindropper;
				PRODUCT_NAME = "$(TARGET_NAME)";
				SWIFT_EMIT_LOC_STRINGS = YES;
				SWIFT_VERSION = 5.0;
			};
			name = Debug;
		};
		221844EF2D0446090013FCCC /* Release */ = {
			isa = XCBuildConfiguration;
			buildSettings = {
				ASSETCATALOG_COMPILER_APPICON_NAME = AppIcon;
				ASSETCATALOG_COMPILER_GLOBAL_ACCENT_COLOR_NAME = AccentColor;
				CODE_SIGN_ENTITLEMENTS = Raindropper/Raindropper.entitlements;
				CODE_SIGN_STYLE = Automatic;
				COMBINE_HIDPI_IMAGES = YES;
				CURRENT_PROJECT_VERSION = 1;
				DEVELOPMENT_ASSET_PATHS = "\"Raindropper/Preview Content\"";
				DEVELOPMENT_TEAM = MZ2D45J5VM;
				ENABLE_HARDENED_RUNTIME = YES;
				ENABLE_PREVIEWS = YES;
				GENERATE_INFOPLIST_FILE = YES;
				INFOPLIST_KEY_NSHumanReadableCopyright = "";
				LD_RUNPATH_SEARCH_PATHS = (
					"$(inherited)",
					"@executable_path/../Frameworks",
				);
				MARKETING_VERSION = 1.0;
				PRODUCT_BUNDLE_IDENTIFIER = org.pritlove.Raindropper;
				PRODUCT_NAME = "$(TARGET_NAME)";
				SWIFT_EMIT_LOC_STRINGS = YES;
				SWIFT_VERSION = 5.0;
			};
			name = Release;
		};
		221844F12D0446090013FCCC /* Debug */ = {
			isa = XCBuildConfiguration;
			buildSettings = {
				BUNDLE_LOADER = "$(TEST_HOST)";
				CODE_SIGN_STYLE = Automatic;
				CURRENT_PROJECT_VERSION = 1;
				DEVELOPMENT_TEAM = MZ2D45J5VM;
				GENERATE_INFOPLIST_FILE = YES;
				MACOSX_DEPLOYMENT_TARGET = 15.1;
				MARKETING_VERSION = 1.0;
				PRODUCT_BUNDLE_IDENTIFIER = org.pritlove.RaindropperTests;
				PRODUCT_NAME = "$(TARGET_NAME)";
				SWIFT_EMIT_LOC_STRINGS = NO;
				SWIFT_VERSION = 5.0;
				TEST_HOST = "$(BUILT_PRODUCTS_DIR)/Raindropper.app/$(BUNDLE_EXECUTABLE_FOLDER_PATH)/Raindropper";
			};
			name = Debug;
		};
		221844F22D0446090013FCCC /* Release */ = {
			isa = XCBuildConfiguration;
			buildSettings = {
				BUNDLE_LOADER = "$(TEST_HOST)";
				CODE_SIGN_STYLE = Automatic;
				CURRENT_PROJECT_VERSION = 1;
				DEVELOPMENT_TEAM = MZ2D45J5VM;
				GENERATE_INFOPLIST_FILE = YES;
				MACOSX_DEPLOYMENT_TARGET = 15.1;
				MARKETING_VERSION = 1.0;
				PRODUCT_BUNDLE_IDENTIFIER = org.pritlove.RaindropperTests;
				PRODUCT_NAME = "$(TARGET_NAME)";
				SWIFT_EMIT_LOC_STRINGS = NO;
				SWIFT_VERSION = 5.0;
				TEST_HOST = "$(BUILT_PRODUCTS_DIR)/Raindropper.app/$(BUNDLE_EXECUTABLE_FOLDER_PATH)/Raindropper";
			};
			name = Release;
		};
		221844F42D0446090013FCCC /* Debug */ = {
			isa = XCBuildConfiguration;
			buildSettings = {
				CODE_SIGN_STYLE = Automatic;
				CURRENT_PROJECT_VERSION = 1;
				DEVELOPMENT_TEAM = MZ2D45J5VM;
				GENERATE_INFOPLIST_FILE = YES;
				MARKETING_VERSION = 1.0;
				PRODUCT_BUNDLE_IDENTIFIER = org.pritlove.RaindropperUITests;
				PRODUCT_NAME = "$(TARGET_NAME)";
				SWIFT_EMIT_LOC_STRINGS = NO;
				SWIFT_VERSION = 5.0;
				TEST_TARGET_NAME = Raindropper;
			};
			name = Debug;
		};
		221844F52D0446090013FCCC /* Release */ = {
			isa = XCBuildConfiguration;
			buildSettings = {
				CODE_SIGN_STYLE = Automatic;
				CURRENT_PROJECT_VERSION = 1;
				DEVELOPMENT_TEAM = MZ2D45J5VM;
				GENERATE_INFOPLIST_FILE = YES;
				MARKETING_VERSION = 1.0;
				PRODUCT_BUNDLE_IDENTIFIER = org.pritlove.RaindropperUITests;
				PRODUCT_NAME = "$(TARGET_NAME)";
				SWIFT_EMIT_LOC_STRINGS = NO;
				SWIFT_VERSION = 5.0;
				TEST_TARGET_NAME = Raindropper;
			};
			name = Release;
		};
/* End XCBuildConfiguration section */

/* Begin XCConfigurationList section */
		221844C32D0446080013FCCC /* Build configuration list for PBXProject "Raindropper" */ = {
			isa = XCConfigurationList;
			buildConfigurations = (
				221844EB2D0446090013FCCC /* Debug */,
				221844EC2D0446090013FCCC /* Release */,
			);
			defaultConfigurationIsVisible = 0;
			defaultConfigurationName = Release;
		};
		221844ED2D0446090013FCCC /* Build configuration list for PBXNativeTarget "Raindropper" */ = {
			isa = XCConfigurationList;
			buildConfigurations = (
				221844EE2D0446090013FCCC /* Debug */,
				221844EF2D0446090013FCCC /* Release */,
			);
			defaultConfigurationIsVisible = 0;
			defaultConfigurationName = Release;
		};
		221844F02D0446090013FCCC /* Build configuration list for PBXNativeTarget "RaindropperTests" */ = {
			isa = XCConfigurationList;
			buildConfigurations = (
				221844F12D0446090013FCCC /* Debug */,
				221844F22D0446090013FCCC /* Release */,
			);
			defaultConfigurationIsVisible = 0;
			defaultConfigurationName = Release;
		};
		221844F32D0446090013FCCC /* Build configuration list for PBXNativeTarget "RaindropperUITests" */ = {
			isa = XCConfigurationList;
			buildConfigurations = (
				221844F42D0446090013FCCC /* Debug */,
				221844F52D0446090013FCCC /* Release */,
			);
			defaultConfigurationIsVisible = 0;
			defaultConfigurationName = Release;
		};
/* End XCConfigurationList section */
	};
	rootObject = 221844C02D0446080013FCCC /* Project object */;
}
